
Microsoft Visual Studio Solution File, Format Version 12.00
# Visual Studio Version 17
VisualStudioVersion = 17.4.33403.182
MinimumVisualStudioVersion = 10.0.40219.1
Project("{FAE04EC0-301F-11D3-BF4B-00C04F79EFBC}") = "Plant_Paradise", "Plant_Paradise\Plant_Paradise.csproj", "{DCF303F6-BAE1-4C62-B741-5C06D6BCFB22}"
EndProject
Global
	GlobalSection(SolutionConfigurationPlatforms) = preSolution
		Debug|Any CPU = Debug|Any CPU
		Release|Any CPU = Release|Any CPU
	EndGlobalSection
	GlobalSection(ProjectConfigurationPlatforms) = postSolution
		{DCF303F6-BAE1-4C62-B741-5C06D6BCFB22}.Debug|Any CPU.ActiveCfg = Debug|Any CPU
		{DCF303F6-BAE1-4C62-B741-5C06D6BCFB22}.Debug|Any CPU.Build.0 = Debug|Any CPU
		{DCF303F6-BAE1-4C62-B741-5C06D6BCFB22}.Release|Any CPU.ActiveCfg = Release|Any CPU
		{DCF303F6-BAE1-4C62-B741-5C06D6BCFB22}.Release|Any CPU.Build.0 = Release|Any CPU
	EndGlobalSection
	GlobalSection(SolutionProperties) = preSolution
		HideSolutionNode = FALSE
	EndGlobalSection
	GlobalSection(ExtensibilityGlobals) = postSolution
		SolutionGuid = {F28EDBC2-FACD-47BE-8C33-C931125F45D3}
	EndGlobalSection
EndGlobal
